
Microsoft Visual Studio Solution File, Format Version 12.00
# Visual Studio Version 17
VisualStudioVersion = 17.10.35027.167
MinimumVisualStudioVersion = 10.0.40219.1
Project("{9A19103F-16F7-4668-BE54-9A1E7A4F7556}") = "StoryboardAPI", "StoryboardAPI\StoryboardAPI.csproj", "{EB212A8D-E901-4E15-935B-3B3E657E190C}"
EndProject
Project("{9A19103F-16F7-4668-BE54-9A1E7A4F7556}") = "ems.utilities", "StoryboardAPI\ems.utilities\ems.utilities.csproj", "{FCE83131-A4A8-4762-9386-3A7074555223}"
EndProject
Project("{9A19103F-16F7-4668-BE54-9A1E7A4F7556}") = "ems.system", "StoryboardAPI\ems.system\ems.system.csproj", "{D4E7E66A-654A-456C-AAF5-3F7B082F02A3}"
EndProject
Project("{FAE04EC0-301F-11D3-BF4B-00C04F79EFBC}") = "ems.sales", "StoryboardAPI\ems.sales\ems.sales.csproj", "{C19E6134-E3E3-4BDB-989A-BB9FCD1C2CFE}"
EndProject
Global
	GlobalSection(SolutionConfigurationPlatforms) = preSolution
		Debug|Any CPU = Debug|Any CPU
		Release|Any CPU = Release|Any CPU
	EndGlobalSection
	GlobalSection(ProjectConfigurationPlatforms) = postSolution
		{EB212A8D-E901-4E15-935B-3B3E657E190C}.Debug|Any CPU.ActiveCfg = Debug|Any CPU
		{EB212A8D-E901-4E15-935B-3B3E657E190C}.Debug|Any CPU.Build.0 = Debug|Any CPU
		{EB212A8D-E901-4E15-935B-3B3E657E190C}.Release|Any CPU.ActiveCfg = Release|Any CPU
		{EB212A8D-E901-4E15-935B-3B3E657E190C}.Release|Any CPU.Build.0 = Release|Any CPU
		{FCE83131-A4A8-4762-9386-3A7074555223}.Debug|Any CPU.ActiveCfg = Debug|Any CPU
		{FCE83131-A4A8-4762-9386-3A7074555223}.Debug|Any CPU.Build.0 = Debug|Any CPU
		{FCE83131-A4A8-4762-9386-3A7074555223}.Release|Any CPU.ActiveCfg = Release|Any CPU
		{FCE83131-A4A8-4762-9386-3A7074555223}.Release|Any CPU.Build.0 = Release|Any CPU
		{D4E7E66A-654A-456C-AAF5-3F7B082F02A3}.Debug|Any CPU.ActiveCfg = Debug|Any CPU
		{D4E7E66A-654A-456C-AAF5-3F7B082F02A3}.Debug|Any CPU.Build.0 = Debug|Any CPU
		{D4E7E66A-654A-456C-AAF5-3F7B082F02A3}.Release|Any CPU.ActiveCfg = Release|Any CPU
		{D4E7E66A-654A-456C-AAF5-3F7B082F02A3}.Release|Any CPU.Build.0 = Release|Any CPU
		{C19E6134-E3E3-4BDB-989A-BB9FCD1C2CFE}.Debug|Any CPU.ActiveCfg = Debug|Any CPU
		{C19E6134-E3E3-4BDB-989A-BB9FCD1C2CFE}.Debug|Any CPU.Build.0 = Debug|Any CPU
		{C19E6134-E3E3-4BDB-989A-BB9FCD1C2CFE}.Release|Any CPU.ActiveCfg = Release|Any CPU
		{C19E6134-E3E3-4BDB-989A-BB9FCD1C2CFE}.Release|Any CPU.Build.0 = Release|Any CPU
	EndGlobalSection
	GlobalSection(SolutionProperties) = preSolution
		HideSolutionNode = FALSE
	EndGlobalSection
	GlobalSection(ExtensibilityGlobals) = postSolution
		SolutionGuid = {2946191E-3D30-438C-AA4C-F07E5669B7D5}
	EndGlobalSection
EndGlobal
